{
  "name": "eslint-config-bbva",
  "version": "3.2.2",
  "lockfileVersion": 1,
  "requires": true,
  "dependencies": {
    "eslint-plugin-babel": {
      "version": "5.3.1",
      "resolved": "https://descinet.bbva.es/artifactory/api/npm/npm/eslint-plugin-babel/-/eslint-plugin-babel-5.3.1.tgz",
      "integrity": "sha1-daJBP/vxfnvldFgwHGApHyz79WA=",
      "requires": {
        "eslint-rule-composer": "^0.3.0"
      }
    },
    "eslint-plugin-no-unsanitized": {
      "version": "3.1.2",
      "resolved": "https://descinet.bbva.es/artifactory/api/npm/npm/eslint-plugin-no-unsanitized/-/eslint-plugin-no-unsanitized-3.1.2.tgz",
      "integrity": "sha1-pUck4LgdQyebsfj14dgsl9p4yFg="
    },
    "eslint-plugin-optimize-regex": {
      "version": "1.2.0",
      "resolved": "https://descinet.bbva.es/artifactory/api/npm/npm/eslint-plugin-optimize-regex/-/eslint-plugin-optimize-regex-1.2.0.tgz",
      "integrity": "sha1-wTvWxxbM5MUAHui3rwc/LgYJ4DA=",
      "requires": {
        "regexp-tree": "^0.1.20"
      }
    },
    "eslint-rule-composer": {
      "version": "0.3.0",
      "resolved": "https://descinet.bbva.es/artifactory/api/npm/npm/eslint-rule-composer/-/eslint-rule-composer-0.3.0.tgz",
      "integrity": "sha1-eTIMknsMXA09PSt2yLSkiPJbuvk="
    },
    "regexp-tree": {
      "version": "0.1.21",
      "resolved": "https://descinet.bbva.es/artifactory/api/npm/npm/regexp-tree/-/regexp-tree-0.1.21.tgz",
      "integrity": "sha1-VeIka399NvG0YUkJQvp4ApnEANc="
    }
  }
}
